<<<<<<< HEAD
# This file was autogenerated by uv via the following command:
#    uv pip compile pyproject.toml --all-extras -o uv.lock
[metadata]
version = "1.0.0"

[packages]
alabaster = {version = "1.0.0"}
    # via sphinx
babel = {version = "2.17.0"}
    # via sphinx
beautifulsoup4 = {version = "4.13.4"}
    # via yfinance
certifi = {version = "2025.4.26"}
    # via requests
cfgv = {version = "3.4.0"}
    # via pre-commit
charset-normalizer = {version = "3.4.1"}
    # via requests
colorama = {version = "0.4.6"}
    # via
    #   pytest
    #   sphinx
contourpy = {version = "1.3.2"}
    # via matplotlib
coverage = {version = "7.8.0"}
    # via pytest-cov
cycler = {version = "0.12.1"}
    # via matplotlib
distlib = {version = "0.3.9"}
    # via virtualenv
docutils = {version = "0.21.2"}
    # via
    #   sphinx
    #   sphinx-rtd-theme
filelock = {version = "3.18.0"}
    # via virtualenv
fonttools = {version = "4.57.0"}
    # via matplotlib
frozendict = {version = "2.4.6"}
    # via yfinance
identify = {version = "2.6.10"}
    # via pre-commit
idna = {version = "3.10"}
    # via requests
imagesize = {version = "1.4.1"}
    # via sphinx
iniconfig = {version = "2.1.0"}
    # via pytest
jinja2 = {version = "3.1.6"}
    # via sphinx
kiwisolver = {version = "1.4.8"}
    # via matplotlib
markupsafe = {version = "3.0.2"}
    # via jinja2
matplotlib = {version = "3.10.1"}
    # via
    #   pyfinquant (pyproject.toml)
    #   seaborn
multitasking = {version = "0.0.11"}
    # via yfinance
mypy = {version = "1.15.0"}
    # via pyfinquant (pyproject.toml)
mypy-extensions = {version = "1.1.0"}
    # via mypy
nodeenv = {version = "1.9.1"}
    # via pre-commit
numpy = {version = "2.2.5"}
    # via
    #   pyfinquant (pyproject.toml)
    #   contourpy
    #   matplotlib
    #   pandas
    #   scipy
    #   seaborn
    #   yfinance
packaging = {version = "25.0"}
    # via
    #   matplotlib
    #   pytest
    #   sphinx
pandas = {version = "2.2.3"}
    # via
    #   pyfinquant (pyproject.toml)
    #   seaborn
    #   yfinance
peewee = {version = "3.17.9"}
    # via yfinance
pillow = {version = "11.2.1"}
    # via matplotlib
platformdirs = {version = "4.3.7"}
    # via
    #   virtualenv
    #   yfinance
pluggy = {version = "1.5.0"}
    # via pytest
pre-commit = {version = "4.2.0"}
    # via pyfinquant (pyproject.toml)
pygments = {version = "2.19.1"}
    # via sphinx
pyparsing = {version = "3.2.3"}
    # via matplotlib
pytest = {version = "8.3.5"}
    # via
    #   pyfinquant (pyproject.toml)
    #   pytest-cov
pytest-cov = {version = "6.1.1"}
    # via pyfinquant (pyproject.toml)
python-dateutil = {version = "2.9.0.post0"}
    # via
    #   matplotlib
    #   pandas
pytz = {version = "2025.2"}
    # via
    #   pandas
    #   yfinance
pyyaml = {version = "6.0.2"}
    # via pre-commit
requests = {version = "2.32.3"}
    # via
    #   pyfinquant (pyproject.toml)
    #   sphinx
    #   yfinance
roman-numerals-py = {version = "3.1.0"}
    # via sphinx
ruff = {version = "0.11.7"}
    # via pyfinquant (pyproject.toml)
scipy = {version = "1.15.2"}
    # via pyfinquant (pyproject.toml)
seaborn = {version = "0.13.2"}
    # via pyfinquant (pyproject.toml)
six = {version = "1.17.0"}
    # via python-dateutil
snowballstemmer = {version = "2.2.0"}
    # via sphinx
soupsieve = {version = "2.7"}
    # via beautifulsoup4
sphinx = {version = "8.2.3"}
    # via
    #   pyfinquant (pyproject.toml)
    #   sphinx-rtd-theme
    #   sphinxcontrib-jquery
sphinx-rtd-theme = {version = "3.0.2"}
    # via pyfinquant (pyproject.toml)
sphinxcontrib-applehelp = {version = "2.0.0"}
    # via sphinx
sphinxcontrib-devhelp = {version = "2.0.0"}
    # via sphinx
sphinxcontrib-htmlhelp = {version = "2.1.0"}
    # via sphinx
sphinxcontrib-jquery = {version = "4.1"}
    # via sphinx-rtd-theme
sphinxcontrib-jsmath = {version = "1.0.1"}
    # via sphinx
sphinxcontrib-qthelp = {version = "2.0.0"}
    # via sphinx
sphinxcontrib-serializinghtml = {version = "2.0.0"}
    # via sphinx
typing-extensions = {version = "4.13.2"}
    # via
    #   beautifulsoup4
    #   mypy
tzdata = {version = "2025.2"}
    # via pandas
urllib3 = {version = "2.4.0"}
    # via requests
virtualenv = {version = "20.30.0"}
    # via pre-commit
yfinance = {version = "0.2.56"}
    # via pyfinquant (pyproject.toml)
=======
# This file was autogenerated by uv via the following command:
#    uv pip compile pyproject.toml --all-extras -o uv.lock
[metadata]
version = "1.0.0"

[packages]
alabaster = {version = "1.0.0"}
    # via sphinx
babel = {version = "2.17.0"}
    # via sphinx
beautifulsoup4 = {version = "4.13.4"}
    # via yfinance
certifi = {version = "2025.4.26"}
    # via requests
cfgv = {version = "3.4.0"}
    # via pre-commit
charset-normalizer = {version = "3.4.1"}
    # via requests
colorama = {version = "0.4.6"}
    # via
    #   pytest
    #   sphinx
contourpy = {version = "1.3.2"}
    # via matplotlib
coverage = {version = "7.8.0"}
    # via pytest-cov
cycler = {version = "0.12.1"}
    # via matplotlib
distlib = {version = "0.3.9"}
    # via virtualenv
docutils = {version = "0.21.2"}
    # via
    #   sphinx
    #   sphinx-rtd-theme
filelock = {version = "3.18.0"}
    # via virtualenv
fonttools = {version = "4.57.0"}
    # via matplotlib
frozendict = {version = "2.4.6"}
    # via yfinance
identify = {version = "2.6.10"}
    # via pre-commit
idna = {version = "3.10"}
    # via requests
imagesize = {version = "1.4.1"}
    # via sphinx
iniconfig = {version = "2.1.0"}
    # via pytest
jinja2 = {version = "3.1.6"}
    # via sphinx
kiwisolver = {version = "1.4.8"}
    # via matplotlib
markupsafe = {version = "3.0.2"}
    # via jinja2
matplotlib = {version = "3.10.1"}
    # via
    #   pyfinquant (pyproject.toml)
    #   seaborn
multitasking = {version = "0.0.11"}
    # via yfinance
mypy = {version = "1.15.0"}
    # via pyfinquant (pyproject.toml)
mypy-extensions = {version = "1.1.0"}
    # via mypy
nodeenv = {version = "1.9.1"}
    # via pre-commit
numpy = {version = "2.2.5"}
    # via
    #   pyfinquant (pyproject.toml)
    #   contourpy
    #   matplotlib
    #   pandas
    #   scipy
    #   seaborn
    #   yfinance
packaging = {version = "25.0"}
    # via
    #   matplotlib
    #   pytest
    #   sphinx
pandas = {version = "2.2.3"}
    # via
    #   pyfinquant (pyproject.toml)
    #   seaborn
    #   yfinance
peewee = {version = "3.17.9"}
    # via yfinance
pillow = {version = "11.2.1"}
    # via matplotlib
platformdirs = {version = "4.3.7"}
    # via
    #   virtualenv
    #   yfinance
pluggy = {version = "1.5.0"}
    # via pytest
pre-commit = {version = "4.2.0"}
    # via pyfinquant (pyproject.toml)
pygments = {version = "2.19.1"}
    # via sphinx
pyparsing = {version = "3.2.3"}
    # via matplotlib
pytest = {version = "8.3.5"}
    # via
    #   pyfinquant (pyproject.toml)
    #   pytest-cov
pytest-cov = {version = "6.1.1"}
    # via pyfinquant (pyproject.toml)
python-dateutil = {version = "2.9.0.post0"}
    # via
    #   matplotlib
    #   pandas
pytz = {version = "2025.2"}
    # via
    #   pandas
    #   yfinance
pyyaml = {version = "6.0.2"}
    # via pre-commit
requests = {version = "2.32.3"}
    # via
    #   pyfinquant (pyproject.toml)
    #   sphinx
    #   yfinance
roman-numerals-py = {version = "3.1.0"}
    # via sphinx
ruff = {version = "0.11.7"}
    # via pyfinquant (pyproject.toml)
scipy = {version = "1.15.2"}
    # via pyfinquant (pyproject.toml)
seaborn = {version = "0.13.2"}
    # via pyfinquant (pyproject.toml)
six = {version = "1.17.0"}
    # via python-dateutil
snowballstemmer = {version = "2.2.0"}
    # via sphinx
soupsieve = {version = "2.7"}
    # via beautifulsoup4
sphinx = {version = "8.2.3"}
    # via
    #   pyfinquant (pyproject.toml)
    #   sphinx-rtd-theme
    #   sphinxcontrib-jquery
sphinx-rtd-theme = {version = "3.0.2"}
    # via pyfinquant (pyproject.toml)
sphinxcontrib-applehelp = {version = "2.0.0"}
    # via sphinx
sphinxcontrib-devhelp = {version = "2.0.0"}
    # via sphinx
sphinxcontrib-htmlhelp = {version = "2.1.0"}
    # via sphinx
sphinxcontrib-jquery = {version = "4.1"}
    # via sphinx-rtd-theme
sphinxcontrib-jsmath = {version = "1.0.1"}
    # via sphinx
sphinxcontrib-qthelp = {version = "2.0.0"}
    # via sphinx
sphinxcontrib-serializinghtml = {version = "2.0.0"}
    # via sphinx
typing-extensions = {version = "4.13.2"}
    # via
    #   beautifulsoup4
    #   mypy
tzdata = {version = "2025.2"}
    # via pandas
urllib3 = {version = "2.4.0"}
    # via requests
virtualenv = {version = "20.30.0"}
    # via pre-commit
yfinance = {version = "0.2.56"}
    # via pyfinquant (pyproject.toml)
>>>>>>> f38bff42e083b06dc8ac41dd94f52ca75dea0c4c
